
Microsoft Visual Studio Solution File, Format Version 12.00
# Visual Studio 15
VisualStudioVersion = 15.0.28307.168
MinimumVisualStudioVersion = 10.0.40219.1
Project("{FAE04EC0-301F-11D3-BF4B-00C04F79EFBC}") = "C0727172", "C0727172\C0727172.csproj", "{776C53D4-4A78-4AD0-B681-EB06018C3829}"
EndProject
Global
	GlobalSection(SolutionConfigurationPlatforms) = preSolution
		Debug|Any CPU = Debug|Any CPU
		Release|Any CPU = Release|Any CPU
	EndGlobalSection
	GlobalSection(ProjectConfigurationPlatforms) = postSolution
		{776C53D4-4A78-4AD0-B681-EB06018C3829}.Debug|Any CPU.ActiveCfg = Debug|Any CPU
		{776C53D4-4A78-4AD0-B681-EB06018C3829}.Debug|Any CPU.Build.0 = Debug|Any CPU
		{776C53D4-4A78-4AD0-B681-EB06018C3829}.Release|Any CPU.ActiveCfg = Release|Any CPU
		{776C53D4-4A78-4AD0-B681-EB06018C3829}.Release|Any CPU.Build.0 = Release|Any CPU
	EndGlobalSection
	GlobalSection(SolutionProperties) = preSolution
		HideSolutionNode = FALSE
	EndGlobalSection
	GlobalSection(ExtensibilityGlobals) = postSolution
		SolutionGuid = {50D41C9E-54DF-40DE-98CA-BB94B31FBAA7}
	EndGlobalSection
EndGlobal
